// !$*UTF8*$!
{
	archiveVersion = 1;
	classes = {
	};
	objectVersion = 51;
	objects = {

/* Begin PBXBuildFile section */
		DAA3C4DDB834070C639BE30A /* Pods_KidFund.framework in Frameworks */ = {isa = PBXBuildFile; fileRef = 09AAEB0D9B3DB6BD355B0B14 /* Pods_KidFund.framework */; };
		FFAC86712620F236007DA16F /* ChildChoresViewController.swift in Sources */ = {isa = PBXBuildFile; fileRef = FFAC86702620F236007DA16F /* ChildChoresViewController.swift */; };
		FFACD652261FB75D00EC4ADB /* AppDelegate.swift in Sources */ = {isa = PBXBuildFile; fileRef = FFACD651261FB75C00EC4ADB /* AppDelegate.swift */; };
		FFACD654261FB75D00EC4ADB /* SceneDelegate.swift in Sources */ = {isa = PBXBuildFile; fileRef = FFACD653261FB75D00EC4ADB /* SceneDelegate.swift */; };
		FFACD659261FB75D00EC4ADB /* Main.storyboard in Resources */ = {isa = PBXBuildFile; fileRef = FFACD657261FB75D00EC4ADB /* Main.storyboard */; };
		FFACD65B261FB75D00EC4ADB /* Assets.xcassets in Resources */ = {isa = PBXBuildFile; fileRef = FFACD65A261FB75D00EC4ADB /* Assets.xcassets */; };
		FFACD65E261FB75D00EC4ADB /* LaunchScreen.storyboard in Resources */ = {isa = PBXBuildFile; fileRef = FFACD65C261FB75D00EC4ADB /* LaunchScreen.storyboard */; };
		FFACD671261FB8F000EC4ADB /* LoginViewController.swift in Sources */ = {isa = PBXBuildFile; fileRef = FFACD670261FB8F000EC4ADB /* LoginViewController.swift */; };
		FFACD674261FBBAA00EC4ADB /* CreateProfileViewController.swift in Sources */ = {isa = PBXBuildFile; fileRef = FFACD673261FBBAA00EC4ADB /* CreateProfileViewController.swift */; };
		FFD1CAA72620C1D3004DE704 /* AddGoalsViewController.swift in Sources */ = {isa = PBXBuildFile; fileRef = FFD1CAA62620C1D3004DE704 /* AddGoalsViewController.swift */; };
		FFD1CAAA2620CF7E004DE704 /* GoalCollectionViewCell.swift in Sources */ = {isa = PBXBuildFile; fileRef = FFD1CAA92620CF7E004DE704 /* GoalCollectionViewCell.swift */; };
		FFD2D8CE261FC94A00E9820B /* ChildCollectionViewCell.swift in Sources */ = {isa = PBXBuildFile; fileRef = FFD2D8CD261FC94A00E9820B /* ChildCollectionViewCell.swift */; };
		FFD2FA5B261FC4840025B3AB /* HomeViewController.swift in Sources */ = {isa = PBXBuildFile; fileRef = FFD2FA5A261FC4840025B3AB /* HomeViewController.swift */; };
		FFD2FA62261FC65E0025B3AB /* CustomView.swift in Sources */ = {isa = PBXBuildFile; fileRef = FFD2FA61261FC65E0025B3AB /* CustomView.swift */; };
		FFD8B1AF261FD46200A60115 /* CustomButton.swift in Sources */ = {isa = PBXBuildFile; fileRef = FFD8B1AE261FD46200A60115 /* CustomButton.swift */; };
		FFD8B1B2261FD89B00A60115 /* ParentHomeViewController.swift in Sources */ = {isa = PBXBuildFile; fileRef = FFD8B1B1261FD89B00A60115 /* ParentHomeViewController.swift */; };
		FFD8B1B6261FE24000A60115 /* AddChildViewController.swift in Sources */ = {isa = PBXBuildFile; fileRef = FFD8B1B5261FE24000A60115 /* AddChildViewController.swift */; };
		FFD8B1B9261FE5FF00A60115 /* ParentChildDetailsViewController.swift in Sources */ = {isa = PBXBuildFile; fileRef = FFD8B1B8261FE5FF00A60115 /* ParentChildDetailsViewController.swift */; };
		FFD8B1BC261FE94700A60115 /* ChildHomeViewController.swift in Sources */ = {isa = PBXBuildFile; fileRef = FFD8B1BB261FE94700A60115 /* ChildHomeViewController.swift */; };
		FFF493442620006A0038F295 /* AddChoresViewController.swift in Sources */ = {isa = PBXBuildFile; fileRef = FFF493432620006A0038F295 /* AddChoresViewController.swift */; };
		FFF49347262002530038F295 /* ChoreCollectionViewCell.swift in Sources */ = {isa = PBXBuildFile; fileRef = FFF49346262002530038F295 /* ChoreCollectionViewCell.swift */; };
/* End PBXBuildFile section */

/* Begin PBXFileReference section */
		09AAEB0D9B3DB6BD355B0B14 /* Pods_KidFund.framework */ = {isa = PBXFileReference; explicitFileType = wrapper.framework; includeInIndex = 0; path = Pods_KidFund.framework; sourceTree = BUILT_PRODUCTS_DIR; };
		78FB0687B279559B741955B8 /* Pods-KidFund.release.xcconfig */ = {isa = PBXFileReference; includeInIndex = 1; lastKnownFileType = text.xcconfig; name = "Pods-KidFund.release.xcconfig"; path = "Target Support Files/Pods-KidFund/Pods-KidFund.release.xcconfig"; sourceTree = "<group>"; };
		F549FFA9D33D31A6325FCC19 /* Pods-KidFund.debug.xcconfig */ = {isa = PBXFileReference; includeInIndex = 1; lastKnownFileType = text.xcconfig; name = "Pods-KidFund.debug.xcconfig"; path = "Target Support Files/Pods-KidFund/Pods-KidFund.debug.xcconfig"; sourceTree = "<group>"; };
		FFAC86702620F236007DA16F /* ChildChoresViewController.swift */ = {isa = PBXFileReference; lastKnownFileType = sourcecode.swift; path = ChildChoresViewController.swift; sourceTree = "<group>"; };
		FFACD64E261FB75C00EC4ADB /* KidFund.app */ = {isa = PBXFileReference; explicitFileType = wrapper.application; includeInIndex = 0; path = KidFund.app; sourceTree = BUILT_PRODUCTS_DIR; };
		FFACD651261FB75C00EC4ADB /* AppDelegate.swift */ = {isa = PBXFileReference; lastKnownFileType = sourcecode.swift; path = AppDelegate.swift; sourceTree = "<group>"; };
		FFACD653261FB75D00EC4ADB /* SceneDelegate.swift */ = {isa = PBXFileReference; lastKnownFileType = sourcecode.swift; path = SceneDelegate.swift; sourceTree = "<group>"; };
		FFACD658261FB75D00EC4ADB /* Base */ = {isa = PBXFileReference; lastKnownFileType = file.storyboard; name = Base; path = Base.lproj/Main.storyboard; sourceTree = "<group>"; };
		FFACD65A261FB75D00EC4ADB /* Assets.xcassets */ = {isa = PBXFileReference; lastKnownFileType = folder.assetcatalog; path = Assets.xcassets; sourceTree = "<group>"; };
		FFACD65D261FB75D00EC4ADB /* Base */ = {isa = PBXFileReference; lastKnownFileType = file.storyboard; name = Base; path = Base.lproj/LaunchScreen.storyboard; sourceTree = "<group>"; };
		FFACD65F261FB75D00EC4ADB /* Info.plist */ = {isa = PBXFileReference; lastKnownFileType = text.plist.xml; path = Info.plist; sourceTree = "<group>"; };
		FFACD670261FB8F000EC4ADB /* LoginViewController.swift */ = {isa = PBXFileReference; lastKnownFileType = sourcecode.swift; path = LoginViewController.swift; sourceTree = "<group>"; };
		FFACD673261FBBAA00EC4ADB /* CreateProfileViewController.swift */ = {isa = PBXFileReference; lastKnownFileType = sourcecode.swift; path = CreateProfileViewController.swift; sourceTree = "<group>"; };
		FFD1CAA62620C1D3004DE704 /* AddGoalsViewController.swift */ = {isa = PBXFileReference; lastKnownFileType = sourcecode.swift; path = AddGoalsViewController.swift; sourceTree = "<group>"; };
		FFD1CAA92620CF7E004DE704 /* GoalCollectionViewCell.swift */ = {isa = PBXFileReference; lastKnownFileType = sourcecode.swift; path = GoalCollectionViewCell.swift; sourceTree = "<group>"; };
		FFD2D8CD261FC94A00E9820B /* ChildCollectionViewCell.swift */ = {isa = PBXFileReference; lastKnownFileType = sourcecode.swift; path = ChildCollectionViewCell.swift; sourceTree = "<group>"; };
		FFD2FA5A261FC4840025B3AB /* HomeViewController.swift */ = {isa = PBXFileReference; lastKnownFileType = sourcecode.swift; path = HomeViewController.swift; sourceTree = "<group>"; };
		FFD2FA61261FC65E0025B3AB /* CustomView.swift */ = {isa = PBXFileReference; lastKnownFileType = sourcecode.swift; path = CustomView.swift; sourceTree = "<group>"; };
		FFD8B1AE261FD46200A60115 /* CustomButton.swift */ = {isa = PBXFileReference; lastKnownFileType = sourcecode.swift; path = CustomButton.swift; sourceTree = "<group>"; };
		FFD8B1B1261FD89B00A60115 /* ParentHomeViewController.swift */ = {isa = PBXFileReference; lastKnownFileType = sourcecode.swift; path = ParentHomeViewController.swift; sourceTree = "<group>"; };
		FFD8B1B5261FE24000A60115 /* AddChildViewController.swift */ = {isa = PBXFileReference; lastKnownFileType = sourcecode.swift; path = AddChildViewController.swift; sourceTree = "<group>"; };
		FFD8B1B8261FE5FF00A60115 /* ParentChildDetailsViewController.swift */ = {isa = PBXFileReference; lastKnownFileType = sourcecode.swift; path = ParentChildDetailsViewController.swift; sourceTree = "<group>"; };
		FFD8B1BB261FE94700A60115 /* ChildHomeViewController.swift */ = {isa = PBXFileReference; lastKnownFileType = sourcecode.swift; path = ChildHomeViewController.swift; sourceTree = "<group>"; };
		FFF493432620006A0038F295 /* AddChoresViewController.swift */ = {isa = PBXFileReference; lastKnownFileType = sourcecode.swift; path = AddChoresViewController.swift; sourceTree = "<group>"; };
		FFF49346262002530038F295 /* ChoreCollectionViewCell.swift */ = {isa = PBXFileReference; lastKnownFileType = sourcecode.swift; path = ChoreCollectionViewCell.swift; sourceTree = "<group>"; };
/* End PBXFileReference section */

/* Begin PBXFrameworksBuildPhase section */
		FFACD64B261FB75C00EC4ADB /* Frameworks */ = {
			isa = PBXFrameworksBuildPhase;
			buildActionMask = 2147483647;
			files = (
				DAA3C4DDB834070C639BE30A /* Pods_KidFund.framework in Frameworks */,
			);
			runOnlyForDeploymentPostprocessing = 0;
		};
/* End PBXFrameworksBuildPhase section */

/* Begin PBXGroup section */
		2EA854AF273EDF00FED1C6EF /* Frameworks */ = {
			isa = PBXGroup;
			children = (
				09AAEB0D9B3DB6BD355B0B14 /* Pods_KidFund.framework */,
			);
			name = Frameworks;
			sourceTree = "<group>";
		};
		5E09648BD6E1870E24DA8065 /* Pods */ = {
			isa = PBXGroup;
			children = (
				F549FFA9D33D31A6325FCC19 /* Pods-KidFund.debug.xcconfig */,
				78FB0687B279559B741955B8 /* Pods-KidFund.release.xcconfig */,
			);
			path = Pods;
			sourceTree = "<group>";
		};
		FFACD645261FB75C00EC4ADB = {
			isa = PBXGroup;
			children = (
				FFACD650261FB75C00EC4ADB /* KidFund */,
				FFACD64F261FB75C00EC4ADB /* Products */,
				5E09648BD6E1870E24DA8065 /* Pods */,
				2EA854AF273EDF00FED1C6EF /* Frameworks */,
			);
			sourceTree = "<group>";
		};
		FFACD64F261FB75C00EC4ADB /* Products */ = {
			isa = PBXGroup;
			children = (
				FFACD64E261FB75C00EC4ADB /* KidFund.app */,
			);
			name = Products;
			sourceTree = "<group>";
		};
		FFACD650261FB75C00EC4ADB /* KidFund */ = {
			isa = PBXGroup;
			children = (
				FFD2D8CC261FC92F00E9820B /* Cells */,
				FFACD66E261FB83300EC4ADB /* ViewControllers */,
				FFACD651261FB75C00EC4ADB /* AppDelegate.swift */,
				FFACD653261FB75D00EC4ADB /* SceneDelegate.swift */,
				FFACD657261FB75D00EC4ADB /* Main.storyboard */,
				FFACD65A261FB75D00EC4ADB /* Assets.xcassets */,
				FFACD65C261FB75D00EC4ADB /* LaunchScreen.storyboard */,
				FFACD65F261FB75D00EC4ADB /* Info.plist */,
				FFD2FA61261FC65E0025B3AB /* CustomView.swift */,
				FFD8B1AE261FD46200A60115 /* CustomButton.swift */,
			);
			path = KidFund;
			sourceTree = "<group>";
		};
		FFACD66E261FB83300EC4ADB /* ViewControllers */ = {
			isa = PBXGroup;
			children = (
				FFD8B1B1261FD89B00A60115 /* ParentHomeViewController.swift */,
				FFACD670261FB8F000EC4ADB /* LoginViewController.swift */,
				FFACD673261FBBAA00EC4ADB /* CreateProfileViewController.swift */,
				FFD2FA5A261FC4840025B3AB /* HomeViewController.swift */,
				FFD8B1B5261FE24000A60115 /* AddChildViewController.swift */,
				FFD8B1B8261FE5FF00A60115 /* ParentChildDetailsViewController.swift */,
				FFD8B1BB261FE94700A60115 /* ChildHomeViewController.swift */,
				FFF493432620006A0038F295 /* AddChoresViewController.swift */,
				FFD1CAA62620C1D3004DE704 /* AddGoalsViewController.swift */,
				FFAC86702620F236007DA16F /* ChildChoresViewController.swift */,
			);
			path = ViewControllers;
			sourceTree = "<group>";
		};
		FFD2D8CC261FC92F00E9820B /* Cells */ = {
			isa = PBXGroup;
			children = (
				FFD2D8CD261FC94A00E9820B /* ChildCollectionViewCell.swift */,
				FFF49346262002530038F295 /* ChoreCollectionViewCell.swift */,
				FFD1CAA92620CF7E004DE704 /* GoalCollectionViewCell.swift */,
			);
			path = Cells;
			sourceTree = "<group>";
		};
/* End PBXGroup section */

/* Begin PBXNativeTarget section */
		FFACD64D261FB75C00EC4ADB /* KidFund */ = {
			isa = PBXNativeTarget;
			buildConfigurationList = FFACD662261FB75D00EC4ADB /* Build configuration list for PBXNativeTarget "KidFund" */;
			buildPhases = (
				48FF6E1D9658A09BE02237A1 /* [CP] Check Pods Manifest.lock */,
				FFACD64A261FB75C00EC4ADB /* Sources */,
				FFACD64B261FB75C00EC4ADB /* Frameworks */,
				FFACD64C261FB75C00EC4ADB /* Resources */,
				75A432111DCA67B510CA3CEC /* [CP] Embed Pods Frameworks */,
			);
			buildRules = (
			);
			dependencies = (
			);
			name = KidFund;
			productName = KidFund;
			productReference = FFACD64E261FB75C00EC4ADB /* KidFund.app */;
			productType = "com.apple.product-type.application";
		};
/* End PBXNativeTarget section */

/* Begin PBXProject section */
		FFACD646261FB75C00EC4ADB /* Project object */ = {
			isa = PBXProject;
			attributes = {
				LastSwiftUpdateCheck = 1240;
				LastUpgradeCheck = 1240;
				TargetAttributes = {
					FFACD64D261FB75C00EC4ADB = {
						CreatedOnToolsVersion = 12.4;
					};
				};
			};
			buildConfigurationList = FFACD649261FB75C00EC4ADB /* Build configuration list for PBXProject "KidFund" */;
			compatibilityVersion = "Xcode 9.3";
			developmentRegion = en;
			hasScannedForEncodings = 0;
			knownRegions = (
				en,
				Base,
			);
			mainGroup = FFACD645261FB75C00EC4ADB;
			productRefGroup = FFACD64F261FB75C00EC4ADB /* Products */;
			projectDirPath = "";
			projectRoot = "";
			targets = (
				FFACD64D261FB75C00EC4ADB /* KidFund */,
			);
		};
/* End PBXProject section */

/* Begin PBXResourcesBuildPhase section */
		FFACD64C261FB75C00EC4ADB /* Resources */ = {
			isa = PBXResourcesBuildPhase;
			buildActionMask = 2147483647;
			files = (
				FFACD65E261FB75D00EC4ADB /* LaunchScreen.storyboard in Resources */,
				FFACD65B261FB75D00EC4ADB /* Assets.xcassets in Resources */,
				FFACD659261FB75D00EC4ADB /* Main.storyboard in Resources */,
			);
			runOnlyForDeploymentPostprocessing = 0;
		};
/* End PBXResourcesBuildPhase section */

/* Begin PBXShellScriptBuildPhase section */
		48FF6E1D9658A09BE02237A1 /* [CP] Check Pods Manifest.lock */ = {
			isa = PBXShellScriptBuildPhase;
			buildActionMask = 2147483647;
			files = (
			);
			inputFileListPaths = (
			);
			inputPaths = (
				"${PODS_PODFILE_DIR_PATH}/Podfile.lock",
				"${PODS_ROOT}/Manifest.lock",
			);
			name = "[CP] Check Pods Manifest.lock";
			outputFileListPaths = (
			);
			outputPaths = (
				"$(DERIVED_FILE_DIR)/Pods-KidFund-checkManifestLockResult.txt",
			);
			runOnlyForDeploymentPostprocessing = 0;
			shellPath = /bin/sh;
			shellScript = "diff \"${PODS_PODFILE_DIR_PATH}/Podfile.lock\" \"${PODS_ROOT}/Manifest.lock\" > /dev/null\nif [ $? != 0 ] ; then\n    # print error to STDERR\n    echo \"error: The sandbox is not in sync with the Podfile.lock. Run 'pod install' or update your CocoaPods installation.\" >&2\n    exit 1\nfi\n# This output is used by Xcode 'outputs' to avoid re-running this script phase.\necho \"SUCCESS\" > \"${SCRIPT_OUTPUT_FILE_0}\"\n";
			showEnvVarsInLog = 0;
		};
		75A432111DCA67B510CA3CEC /* [CP] Embed Pods Frameworks */ = {
			isa = PBXShellScriptBuildPhase;
			buildActionMask = 2147483647;
			files = (
			);
			inputFileListPaths = (
				"${PODS_ROOT}/Target Support Files/Pods-KidFund/Pods-KidFund-frameworks-${CONFIGURATION}-input-files.xcfilelist",
			);
			name = "[CP] Embed Pods Frameworks";
			outputFileListPaths = (
				"${PODS_ROOT}/Target Support Files/Pods-KidFund/Pods-KidFund-frameworks-${CONFIGURATION}-output-files.xcfilelist",
			);
			runOnlyForDeploymentPostprocessing = 0;
			shellPath = /bin/sh;
			shellScript = "\"${PODS_ROOT}/Target Support Files/Pods-KidFund/Pods-KidFund-frameworks.sh\"\n";
			showEnvVarsInLog = 0;
		};
/* End PBXShellScriptBuildPhase section */

/* Begin PBXSourcesBuildPhase section */
		FFACD64A261FB75C00EC4ADB /* Sources */ = {
			isa = PBXSourcesBuildPhase;
			buildActionMask = 2147483647;
			files = (
				FFD2FA5B261FC4840025B3AB /* HomeViewController.swift in Sources */,
				FFD1CAAA2620CF7E004DE704 /* GoalCollectionViewCell.swift in Sources */,
				FFACD674261FBBAA00EC4ADB /* CreateProfileViewController.swift in Sources */,
				FFD2D8CE261FC94A00E9820B /* ChildCollectionViewCell.swift in Sources */,
				FFACD671261FB8F000EC4ADB /* LoginViewController.swift in Sources */,
				FFF49347262002530038F295 /* ChoreCollectionViewCell.swift in Sources */,
				FFD8B1B2261FD89B00A60115 /* ParentHomeViewController.swift in Sources */,
				FFD8B1B6261FE24000A60115 /* AddChildViewController.swift in Sources */,
				FFD8B1B9261FE5FF00A60115 /* ParentChildDetailsViewController.swift in Sources */,
				FFD8B1AF261FD46200A60115 /* CustomButton.swift in Sources */,
				FFAC86712620F236007DA16F /* ChildChoresViewController.swift in Sources */,
				FFD8B1BC261FE94700A60115 /* ChildHomeViewController.swift in Sources */,
				FFD1CAA72620C1D3004DE704 /* AddGoalsViewController.swift in Sources */,
				FFD2FA62261FC65E0025B3AB /* CustomView.swift in Sources */,
				FFACD652261FB75D00EC4ADB /* AppDelegate.swift in Sources */,
				FFF493442620006A0038F295 /* AddChoresViewController.swift in Sources */,
				FFACD654261FB75D00EC4ADB /* SceneDelegate.swift in Sources */,
			);
			runOnlyForDeploymentPostprocessing = 0;
		};
/* End PBXSourcesBuildPhase section */

/* Begin PBXVariantGroup section */
		FFACD657261FB75D00EC4ADB /* Main.storyboard */ = {
			isa = PBXVariantGroup;
			children = (
				FFACD658261FB75D00EC4ADB /* Base */,
			);
			name = Main.storyboard;
			sourceTree = "<group>";
		};
		FFACD65C261FB75D00EC4ADB /* LaunchScreen.storyboard */ = {
			isa = PBXVariantGroup;
			children = (
				FFACD65D261FB75D00EC4ADB /* Base */,
			);
			name = LaunchScreen.storyboard;
			sourceTree = "<group>";
		};
/* End PBXVariantGroup section */

/* Begin XCBuildConfiguration section */
		FFACD660261FB75D00EC4ADB /* Debug */ = {
			isa = XCBuildConfiguration;
			buildSettings = {
				ALWAYS_SEARCH_USER_PATHS = NO;
				CLANG_ANALYZER_NONNULL = YES;
				CLANG_ANALYZER_NUMBER_OBJECT_CONVERSION = YES_AGGRESSIVE;
				CLANG_CXX_LANGUAGE_STANDARD = "gnu++14";
				CLANG_CXX_LIBRARY = "libc++";
				CLANG_ENABLE_MODULES = YES;
				CLANG_ENABLE_OBJC_ARC = YES;
				CLANG_ENABLE_OBJC_WEAK = YES;
				CLANG_WARN_BLOCK_CAPTURE_AUTORELEASING = YES;
				CLANG_WARN_BOOL_CONVERSION = YES;
				CLANG_WARN_COMMA = YES;
				CLANG_WARN_CONSTANT_CONVERSION = YES;
				CLANG_WARN_DEPRECATED_OBJC_IMPLEMENTATIONS = YES;
				CLANG_WARN_DIRECT_OBJC_ISA_USAGE = YES_ERROR;
				CLANG_WARN_DOCUMENTATION_COMMENTS = YES;
				CLANG_WARN_EMPTY_BODY = YES;
				CLANG_WARN_ENUM_CONVERSION = YES;
				CLANG_WARN_INFINITE_RECURSION = YES;
				CLANG_WARN_INT_CONVERSION = YES;
				CLANG_WARN_NON_LITERAL_NULL_CONVERSION = YES;
				CLANG_WARN_OBJC_IMPLICIT_RETAIN_SELF = YES;
				CLANG_WARN_OBJC_LITERAL_CONVERSION = YES;
				CLANG_WARN_OBJC_ROOT_CLASS = YES_ERROR;
				CLANG_WARN_QUOTED_INCLUDE_IN_FRAMEWORK_HEADER = YES;
				CLANG_WARN_RANGE_LOOP_ANALYSIS = YES;
				CLANG_WARN_STRICT_PROTOTYPES = YES;
				CLANG_WARN_SUSPICIOUS_MOVE = YES;
				CLANG_WARN_UNGUARDED_AVAILABILITY = YES_AGGRESSIVE;
				CLANG_WARN_UNREACHABLE_CODE = YES;
				CLANG_WARN__DUPLICATE_METHOD_MATCH = YES;
				COPY_PHASE_STRIP = NO;
				DEBUG_INFORMATION_FORMAT = dwarf;
				ENABLE_STRICT_OBJC_MSGSEND = YES;
				ENABLE_TESTABILITY = YES;
				GCC_C_LANGUAGE_STANDARD = gnu11;
				GCC_DYNAMIC_NO_PIC = NO;
				GCC_NO_COMMON_BLOCKS = YES;
				GCC_OPTIMIZATION_LEVEL = 0;
				GCC_PREPROCESSOR_DEFINITIONS = (
					"DEBUG=1",
					"$(inherited)",
				);
				GCC_WARN_64_TO_32_BIT_CONVERSION = YES;
				GCC_WARN_ABOUT_RETURN_TYPE = YES_ERROR;
				GCC_WARN_UNDECLARED_SELECTOR = YES;
				GCC_WARN_UNINITIALIZED_AUTOS = YES_AGGRESSIVE;
				GCC_WARN_UNUSED_FUNCTION = YES;
				GCC_WARN_UNUSED_VARIABLE = YES;
				IPHONEOS_DEPLOYMENT_TARGET = 14.4;
				MTL_ENABLE_DEBUG_INFO = INCLUDE_SOURCE;
				MTL_FAST_MATH = YES;
				ONLY_ACTIVE_ARCH = YES;
				SDKROOT = iphoneos;
				SWIFT_ACTIVE_COMPILATION_CONDITIONS = DEBUG;
				SWIFT_OPTIMIZATION_LEVEL = "-Onone";
			};
			name = Debug;
		};
		FFACD661261FB75D00EC4ADB /* Release */ = {
			isa = XCBuildConfiguration;
			buildSettings = {
				ALWAYS_SEARCH_USER_PATHS = NO;
				CLANG_ANALYZER_NONNULL = YES;
				CLANG_ANALYZER_NUMBER_OBJECT_CONVERSION = YES_AGGRESSIVE;
				CLANG_CXX_LANGUAGE_STANDARD = "gnu++14";
				CLANG_CXX_LIBRARY = "libc++";
				CLANG_ENABLE_MODULES = YES;
				CLANG_ENABLE_OBJC_ARC = YES;
				CLANG_ENABLE_OBJC_WEAK = YES;
				CLANG_WARN_BLOCK_CAPTURE_AUTORELEASING = YES;
				CLANG_WARN_BOOL_CONVERSION = YES;
				CLANG_WARN_COMMA = YES;
				CLANG_WARN_CONSTANT_CONVERSION = YES;
				CLANG_WARN_DEPRECATED_OBJC_IMPLEMENTATIONS = YES;
				CLANG_WARN_DIRECT_OBJC_ISA_USAGE = YES_ERROR;
				CLANG_WARN_DOCUMENTATION_COMMENTS = YES;
				CLANG_WARN_EMPTY_BODY = YES;
				CLANG_WARN_ENUM_CONVERSION = YES;
				CLANG_WARN_INFINITE_RECURSION = YES;
				CLANG_WARN_INT_CONVERSION = YES;
				CLANG_WARN_NON_LITERAL_NULL_CONVERSION = YES;
				CLANG_WARN_OBJC_IMPLICIT_RETAIN_SELF = YES;
				CLANG_WARN_OBJC_LITERAL_CONVERSION = YES;
				CLANG_WARN_OBJC_ROOT_CLASS = YES_ERROR;
				CLANG_WARN_QUOTED_INCLUDE_IN_FRAMEWORK_HEADER = YES;
				CLANG_WARN_RANGE_LOOP_ANALYSIS = YES;
				CLANG_WARN_STRICT_PROTOTYPES = YES;
				CLANG_WARN_SUSPICIOUS_MOVE = YES;
				CLANG_WARN_UNGUARDED_AVAILABILITY = YES_AGGRESSIVE;
				CLANG_WARN_UNREACHABLE_CODE = YES;
				CLANG_WARN__DUPLICATE_METHOD_MATCH = YES;
				COPY_PHASE_STRIP = NO;
				DEBUG_INFORMATION_FORMAT = "dwarf-with-dsym";
				ENABLE_NS_ASSERTIONS = NO;
				ENABLE_STRICT_OBJC_MSGSEND = YES;
				GCC_C_LANGUAGE_STANDARD = gnu11;
				GCC_NO_COMMON_BLOCKS = YES;
				GCC_WARN_64_TO_32_BIT_CONVERSION = YES;
				GCC_WARN_ABOUT_RETURN_TYPE = YES_ERROR;
				GCC_WARN_UNDECLARED_SELECTOR = YES;
				GCC_WARN_UNINITIALIZED_AUTOS = YES_AGGRESSIVE;
				GCC_WARN_UNUSED_FUNCTION = YES;
				GCC_WARN_UNUSED_VARIABLE = YES;
				IPHONEOS_DEPLOYMENT_TARGET = 14.4;
				MTL_ENABLE_DEBUG_INFO = NO;
				MTL_FAST_MATH = YES;
				SDKROOT = iphoneos;
				SWIFT_COMPILATION_MODE = wholemodule;
				SWIFT_OPTIMIZATION_LEVEL = "-O";
				VALIDATE_PRODUCT = YES;
			};
			name = Release;
		};
		FFACD663261FB75D00EC4ADB /* Debug */ = {
			isa = XCBuildConfiguration;
			baseConfigurationReference = F549FFA9D33D31A6325FCC19 /* Pods-KidFund.debug.xcconfig */;
			buildSettings = {
				ASSETCATALOG_COMPILER_APPICON_NAME = AppIcon;
				ASSETCATALOG_COMPILER_GLOBAL_ACCENT_COLOR_NAME = AccentColor;
				CODE_SIGN_STYLE = Automatic;
				DEVELOPMENT_TEAM = NR38KZ87C9;
				INFOPLIST_FILE = KidFund/Info.plist;
				LD_RUNPATH_SEARCH_PATHS = (
					"$(inherited)",
					"@executable_path/Frameworks",
				);
				PRODUCT_BUNDLE_IDENTIFIER = com.harmony.scarlet.KidFund;
				PRODUCT_NAME = "$(TARGET_NAME)";
				SWIFT_VERSION = 5.0;
				TARGETED_DEVICE_FAMILY = "1,2";
			};
			name = Debug;
		};
		FFACD664261FB75D00EC4ADB /* Release */ = {
			isa = XCBuildConfiguration;
			baseConfigurationReference = 78FB0687B279559B741955B8 /* Pods-KidFund.release.xcconfig */;
			buildSettings = {
				ASSETCATALOG_COMPILER_APPICON_NAME = AppIcon;
				ASSETCATALOG_COMPILER_GLOBAL_ACCENT_COLOR_NAME = AccentColor;
				CODE_SIGN_STYLE = Automatic;
				DEVELOPMENT_TEAM = NR38KZ87C9;
				INFOPLIST_FILE = KidFund/Info.plist;
				LD_RUNPATH_SEARCH_PATHS = (
					"$(inherited)",
					"@executable_path/Frameworks",
				);
				PRODUCT_BUNDLE_IDENTIFIER = com.harmony.scarlet.KidFund;
				PRODUCT_NAME = "$(TARGET_NAME)";
				SWIFT_VERSION = 5.0;
				TARGETED_DEVICE_FAMILY = "1,2";
			};
			name = Release;
		};
/* End XCBuildConfiguration section */

/* Begin XCConfigurationList section */
		FFACD649261FB75C00EC4ADB /* Build configuration list for PBXProject "KidFund" */ = {
			isa = XCConfigurationList;
			buildConfigurations = (
				FFACD660261FB75D00EC4ADB /* Debug */,
				FFACD661261FB75D00EC4ADB /* Release */,
			);
			defaultConfigurationIsVisible = 0;
			defaultConfigurationName = Release;
		};
		FFACD662261FB75D00EC4ADB /* Build configuration list for PBXNativeTarget "KidFund" */ = {
			isa = XCConfigurationList;
			buildConfigurations = (
				FFACD663261FB75D00EC4ADB /* Debug */,
				FFACD664261FB75D00EC4ADB /* Release */,
			);
			defaultConfigurationIsVisible = 0;
			defaultConfigurationName = Release;
		};
/* End XCConfigurationList section */
	};
	rootObject = FFACD646261FB75C00EC4ADB /* Project object */;
}
